
Microsoft Visual Studio Solution File, Format Version 12.00
# Visual Studio Version 17
VisualStudioVersion = 17.2.32630.192
MinimumVisualStudioVersion = 10.0.40219.1
Project("{778DAE3C-4631-46EA-AA77-85C1314464D9}") = "Vistas", "Examen\Vistas.vbproj", "{2DCCF66E-25C3-4AB9-B5DB-EF37CC562E13}"
EndProject
Project("{F184B08F-C81C-45F6-A57F-5ABD9991F28F}") = "DAO", "Conexion\DAO.vbproj", "{EC1B0F34-0F96-4D9B-B1C1-BA63156A86AA}"
EndProject
Project("{F184B08F-C81C-45F6-A57F-5ABD9991F28F}") = "BLL", "Clases\BLL.vbproj", "{EE95BE18-491C-4AA7-A481-39E1FB72651C}"
EndProject
Global
	GlobalSection(SolutionConfigurationPlatforms) = preSolution
		Debug|Any CPU = Debug|Any CPU
		Release|Any CPU = Release|Any CPU
	EndGlobalSection
	GlobalSection(ProjectConfigurationPlatforms) = postSolution
		{2DCCF66E-25C3-4AB9-B5DB-EF37CC562E13}.Debug|Any CPU.ActiveCfg = Debug|Any CPU
		{2DCCF66E-25C3-4AB9-B5DB-EF37CC562E13}.Debug|Any CPU.Build.0 = Debug|Any CPU
		{2DCCF66E-25C3-4AB9-B5DB-EF37CC562E13}.Release|Any CPU.ActiveCfg = Release|Any CPU
		{2DCCF66E-25C3-4AB9-B5DB-EF37CC562E13}.Release|Any CPU.Build.0 = Release|Any CPU
		{EC1B0F34-0F96-4D9B-B1C1-BA63156A86AA}.Debug|Any CPU.ActiveCfg = Debug|Any CPU
		{EC1B0F34-0F96-4D9B-B1C1-BA63156A86AA}.Debug|Any CPU.Build.0 = Debug|Any CPU
		{EC1B0F34-0F96-4D9B-B1C1-BA63156A86AA}.Release|Any CPU.ActiveCfg = Release|Any CPU
		{EC1B0F34-0F96-4D9B-B1C1-BA63156A86AA}.Release|Any CPU.Build.0 = Release|Any CPU
		{EE95BE18-491C-4AA7-A481-39E1FB72651C}.Debug|Any CPU.ActiveCfg = Debug|Any CPU
		{EE95BE18-491C-4AA7-A481-39E1FB72651C}.Debug|Any CPU.Build.0 = Debug|Any CPU
		{EE95BE18-491C-4AA7-A481-39E1FB72651C}.Release|Any CPU.ActiveCfg = Release|Any CPU
		{EE95BE18-491C-4AA7-A481-39E1FB72651C}.Release|Any CPU.Build.0 = Release|Any CPU
	EndGlobalSection
	GlobalSection(SolutionProperties) = preSolution
		HideSolutionNode = FALSE
	EndGlobalSection
	GlobalSection(ExtensibilityGlobals) = postSolution
		SolutionGuid = {55BB7FC9-7F4D-4988-A081-426D208BAC24}
	EndGlobalSection
EndGlobal
